
Microsoft Visual Studio Solution File, Format Version 12.00
# Visual Studio 15
Project("{FAE04EC0-301F-11D3-BF4B-00C04F79EFBC}") = "Parser1", "Parser1\Parser1.csproj", "{AED104BE-7EF2-4FBE-BE47-0627A3B2BB4C}"
EndProject
Global
	GlobalSection(SolutionConfigurationPlatforms) = preSolution
		Debug|Any CPU = Debug|Any CPU
		Release|Any CPU = Release|Any CPU
	EndGlobalSection
	GlobalSection(ProjectConfigurationPlatforms) = postSolution
		{AED104BE-7EF2-4FBE-BE47-0627A3B2BB4C}.Debug|Any CPU.ActiveCfg = Debug|Any CPU
		{AED104BE-7EF2-4FBE-BE47-0627A3B2BB4C}.Debug|Any CPU.Build.0 = Debug|Any CPU
		{AED104BE-7EF2-4FBE-BE47-0627A3B2BB4C}.Release|Any CPU.ActiveCfg = Release|Any CPU
		{AED104BE-7EF2-4FBE-BE47-0627A3B2BB4C}.Release|Any CPU.Build.0 = Release|Any CPU
	EndGlobalSection
EndGlobal
